{
  "name": "byb-commercial-validation",
  "version": "0.1.0",
  "lockfileVersion": 3,
  "requires": true,
  "packages": {
    "": {
      "name": "byb-commercial-validation",
      "version": "0.1.0",
      "dependencies": {
        "@waffo/pancake-ts": "0.16.1"
      },
      "engines": {
        "node": ">=18"
      }
    },
    "node_modules/@waffo/pancake-ts": {
      "version": "0.16.1",
      "resolved": "https://registry.npmmirror.com/@waffo/pancake-ts/-/pancake-ts-0.16.1.tgz",
      "integrity": "sha512-Y02vPqjPHKQqivHrrCFY00/bO8A2faz/pJb4PBv3TfhXUvysZJPZHcz4GVN8Ok7+ql274iwllz/JPHJBtg8DEQ==",
      "license": "MIT",
      "engines": {
        "node": ">=20.0.0"
      }
    }
  }
}
